
Microsoft Visual Studio Solution File, Format Version 12.00
# Visual Studio 15
VisualStudioVersion = 15.0.26730.12
MinimumVisualStudioVersion = 10.0.40219.1
Project("{8BC9CEB8-8B4A-11D0-8D11-00A0C91BC942}") = "Assignment5 (back account)", "Assignment5 (back account)\Assignment5 (back account).vcxproj", "{042BF081-2738-4EBE-BD9E-FEDE13962BFD}"
EndProject
Global
	GlobalSection(SolutionConfigurationPlatforms) = preSolution
		Debug|x64 = Debug|x64
		Debug|x86 = Debug|x86
		Release|x64 = Release|x64
		Release|x86 = Release|x86
	EndGlobalSection
	GlobalSection(ProjectConfigurationPlatforms) = postSolution
		{042BF081-2738-4EBE-BD9E-FEDE13962BFD}.Debug|x64.ActiveCfg = Debug|x64
		{042BF081-2738-4EBE-BD9E-FEDE13962BFD}.Debug|x64.Build.0 = Debug|x64
		{042BF081-2738-4EBE-BD9E-FEDE13962BFD}.Debug|x86.ActiveCfg = Debug|Win32
		{042BF081-2738-4EBE-BD9E-FEDE13962BFD}.Debug|x86.Build.0 = Debug|Win32
		{042BF081-2738-4EBE-BD9E-FEDE13962BFD}.Release|x64.ActiveCfg = Release|x64
		{042BF081-2738-4EBE-BD9E-FEDE13962BFD}.Release|x64.Build.0 = Release|x64
		{042BF081-2738-4EBE-BD9E-FEDE13962BFD}.Release|x86.ActiveCfg = Release|Win32
		{042BF081-2738-4EBE-BD9E-FEDE13962BFD}.Release|x86.Build.0 = Release|Win32
	EndGlobalSection
	GlobalSection(SolutionProperties) = preSolution
		HideSolutionNode = FALSE
	EndGlobalSection
	GlobalSection(ExtensibilityGlobals) = postSolution
		SolutionGuid = {017435A2-26D8-4E87-A744-ACB21A9CCB28}
	EndGlobalSection
EndGlobal
