<?xml version="1.0" encoding="utf-8"?>
<Project ToolsVersion="4.0" xmlns="http://schemas.microsoft.com/developer/msbuild/2003">
  <ItemGroup>
    <Filter Include="Source Files">
      <UniqueIdentifier>{4FC737F1-C7A5-4376-A066-2A32D752A2FF}</UniqueIdentifier>
      <Extensions>cpp;c;cc;cxx;def;odl;idl;hpj;bat;asm;asmx</Extensions>
    </Filter>
    <Filter Include="Header Files">
      <UniqueIdentifier>{93995380-89BD-4b04-88EB-625FBE52EBFB}</UniqueIdentifier>
      <Extensions>h;hh;hpp;hxx;hm;inl;inc;xsd</Extensions>
    </Filter>
    <Filter Include="Resource Files">
      <UniqueIdentifier>{67DA6AB6-F800-4c08-8B7A-83BB121AAD01}</UniqueIdentifier>
      <Extensions>rc;ico;cur;bmp;dlg;rc2;rct;bin;rgs;gif;jpg;jpeg;jpe;resx;tiff;tif;png;wav;mfcribbon-ms</Extensions>
    </Filter>
    <Filter Include="Header Files\NodeLifeHandler">
      <UniqueIdentifier>{214f19eb-68b4-47c1-aab2-f6d35e5e7e6a}</UniqueIdentifier>
    </Filter>
    <Filter Include="Source Files\NodeLifeHandler">
      <UniqueIdentifier>{4c7fc4c5-618f-4a71-b607-195164e52f8c}</UniqueIdentifier>
    </Filter>
  </ItemGroup>
  <ItemGroup>
    <ClInclude Include="Node.h">
      <Filter>Header Files</Filter>
    </ClInclude>
    <ClInclude Include="NodeHolder.h">
      <Filter>Header Files</Filter>
    </ClInclude>
    <ClInclude Include="GameOfLife.h">
      <Filter>Header Files</Filter>
    </ClInclude>
    <ClInclude Include="WillLiveStrategy.h">
      <Filter>Header Files\NodeLifeHandler</Filter>
    </ClInclude>
    <ClInclude Include="NodeLifeHandler.h">
      <Filter>Header Files\NodeLifeHandler</Filter>
    </ClInclude>
    <ClInclude Include="NotPopulatedStrategy.h">
      <Filter>Header Files\NodeLifeHandler</Filter>
    </ClInclude>
    <ClInclude Include="PopulatedStrategy.h">
      <Filter>Header Files\NodeLifeHandler</Filter>
    </ClInclude>
  </ItemGroup>
  <ItemGroup>
    <ClCompile Include="Node.cpp">
      <Filter>Source Files</Filter>
    </ClCompile>
    <ClCompile Include="Main.cpp">
      <Filter>Source Files</Filter>
    </ClCompile>
    <ClCompile Include="NodeHolder.cpp">
      <Filter>Source Files</Filter>
    </ClCompile>
    <ClCompile Include="GameOfLife.cpp">
      <Filter>Source Files</Filter>
    </ClCompile>
    <ClCompile Include="NodeLifeHandler.cpp">
      <Filter>Source Files\NodeLifeHandler</Filter>
    </ClCompile>
    <ClCompile Include="WillLiveStrategy.cpp">
      <Filter>Source Files</Filter>
    </ClCompile>
    <ClCompile Include="PopulatedStrategy.cpp">
      <Filter>Source Files\NodeLifeHandler</Filter>
    </ClCompile>
    <ClCompile Include="NotPopulatedStrategy.cpp">
      <Filter>Source Files\NodeLifeHandler</Filter>
    </ClCompile>
  </ItemGroup>
</Project>