
Microsoft Visual Studio Solution File, Format Version 12.00
# Visual Studio 15
VisualStudioVersion = 15.0.26730.12
MinimumVisualStudioVersion = 10.0.40219.1
Project("{8BC9CEB8-8B4A-11D0-8D11-00A0C91BC942}") = "X_Advanced_Assignment1 (smart_pointers)", "X_Advanced_Assignment1 (smart_pointers)\X_Advanced_Assignment1 (smart_pointers).vcxproj", "{E71E04F0-4A02-46B6-A344-9C166C1DD2C8}"
EndProject
Global
	GlobalSection(SolutionConfigurationPlatforms) = preSolution
		Debug|x64 = Debug|x64
		Debug|x86 = Debug|x86
		Release|x64 = Release|x64
		Release|x86 = Release|x86
	EndGlobalSection
	GlobalSection(ProjectConfigurationPlatforms) = postSolution
		{E71E04F0-4A02-46B6-A344-9C166C1DD2C8}.Debug|x64.ActiveCfg = Debug|x64
		{E71E04F0-4A02-46B6-A344-9C166C1DD2C8}.Debug|x64.Build.0 = Debug|x64
		{E71E04F0-4A02-46B6-A344-9C166C1DD2C8}.Debug|x86.ActiveCfg = Debug|Win32
		{E71E04F0-4A02-46B6-A344-9C166C1DD2C8}.Debug|x86.Build.0 = Debug|Win32
		{E71E04F0-4A02-46B6-A344-9C166C1DD2C8}.Release|x64.ActiveCfg = Release|x64
		{E71E04F0-4A02-46B6-A344-9C166C1DD2C8}.Release|x64.Build.0 = Release|x64
		{E71E04F0-4A02-46B6-A344-9C166C1DD2C8}.Release|x86.ActiveCfg = Release|Win32
		{E71E04F0-4A02-46B6-A344-9C166C1DD2C8}.Release|x86.Build.0 = Release|Win32
	EndGlobalSection
	GlobalSection(SolutionProperties) = preSolution
		HideSolutionNode = FALSE
	EndGlobalSection
	GlobalSection(ExtensibilityGlobals) = postSolution
		SolutionGuid = {221D2681-0B10-478E-9772-522F1E9BBC7C}
	EndGlobalSection
EndGlobal
